
Microsoft Visual Studio Solution File, Format Version 12.00
# Visual Studio Version 17
VisualStudioVersion = 17.7.34031.279
MinimumVisualStudioVersion = 10.0.40219.1
Project("{9A19103F-16F7-4668-BE54-9A1E7A4F7556}") = "WhereTheWispsAt", "Plugins\WhereTheWispsAt\WhereTheWispsAt.csproj", "{B9571263-4C8A-4CB3-9689-39490CBF72EB}"
EndProject
Project("{9A19103F-16F7-4668-BE54-9A1E7A4F7556}") = "RitualWispAlert", "Plugins\RitualWispAlert\RitualWispAlert.csproj", "{D3AAC005-A2A9-4003-97C6-5563BB873600}"
EndProject
Project("{9A19103F-16F7-4668-BE54-9A1E7A4F7556}") = "WorldDrawing", "Plugins\WorldDrawing\WorldDrawing.csproj", "{8F1B187C-3855-4D14-ACD0-1CA40DD7F212}"
EndProject
Project("{9A19103F-16F7-4668-BE54-9A1E7A4F7556}") = "Atlas2", "Plugins\Atlas2\Atlas2.csproj", "{32A239DC-1613-40A1-9F83-6B679D2BC146}"
EndProject
Project("{9A19103F-16F7-4668-BE54-9A1E7A4F7556}") = "PickupHelper", "Plugins\PickupHelper\PickupHelper.csproj", "{CA68F82C-9BA3-419C-9F99-A4CBAC224060}"
EndProject
Project("{9A19103F-16F7-4668-BE54-9A1E7A4F7556}") = "GameHelper", "GameHelper\GameHelper.csproj", "{F91E45A5-0DEE-4D4C-A89C-69B18F38134E}"
	ProjectSection(ProjectDependencies) = postProject
		{95B261DD-906E-4634-81D4-0A5A8C1D9398} = {95B261DD-906E-4634-81D4-0A5A8C1D9398}
	EndProjectSection
EndProject
Project("{9A19103F-16F7-4668-BE54-9A1E7A4F7556}") = "GameOffsets", "GameOffsets\GameOffsets.csproj", "{95B261DD-906E-4634-81D4-0A5A8C1D9398}"
EndProject
Project("{9A19103F-16F7-4668-BE54-9A1E7A4F7556}") = "PreloadAlert", "Plugins\PreloadAlert\PreloadAlert.csproj", "{112D3DA8-8800-4DAF-9170-B1F0EB8249C7}"
EndProject
Project("{9A19103F-16F7-4668-BE54-9A1E7A4F7556}") = "Radar", "Plugins\Radar\Radar.csproj", "{8F659334-9906-4693-B1D3-8ABC188E83A5}"
EndProject
Project("{9A19103F-16F7-4668-BE54-9A1E7A4F7556}") = "AutoHotKeyTrigger", "Plugins\AutoHotKeyTrigger\AutoHotKeyTrigger.csproj", "{86A443FF-7326-4B21-BC81-20813A7E307E}"
EndProject
Project("{9A19103F-16F7-4668-BE54-9A1E7A4F7556}") = "HealthBars", "Plugins\HealthBars\HealthBars.csproj", "{113DA4E9-73EB-411C-B328-6440DBB5AB1C}"
EndProject
Project("{9A19103F-16F7-4668-BE54-9A1E7A4F7556}") = "Launcher", "Launcher\Launcher.csproj", "{E7010E4F-030C-44B5-8327-7595448258F6}"
EndProject
Project("{9A19103F-16F7-4668-BE54-9A1E7A4F7556}") = "Downloader", "Downloader\Downloader.csproj", "{D4E5F6A7-B8C9-4012-DEF0-123456789ABC}"
EndProject
Project("{9A19103F-16F7-4668-BE54-9A1E7A4F7556}") = "Atlas", "Plugins\Atlas\Atlas.csproj", "{A1B2C3D4-E5F6-7890-ABCD-EF1234567890}"
EndProject
Project("{9A19103F-16F7-4668-BE54-9A1E7A4F7556}") = "RitualHelper", "Plugins\RitualHelper\RitualHelper.csproj", "{B2C3D4E5-F6A7-8901-BCDE-F12345678901}"
EndProject
Project("{9A19103F-16F7-4668-BE54-9A1E7A4F7556}") = "Autopot", "Plugins\Autopot\Autopot.csproj", "{D4E5F6A7-B8C9-4012-DEF1-234567890123}"
EndProject
Project("{9A19103F-16F7-4668-BE54-9A1E7A4F7556}") = "SekhemaHelper", "Plugins\SekhemaHelper\SekhemaHelper.csproj", "{E5F6A7B8-C9D0-4123-EF01-345678901234}"
EndProject
Project("{9A19103F-16F7-4668-BE54-9A1E7A4F7556}") = "AuraTracker", "Plugins\AuraTracker\AuraTracker.csproj", "{F6A7B8C9-D0E1-4234-F012-345678901235}"
EndProject
Project("{9A19103F-16F7-4668-BE54-9A1E7A4F7556}") = "AmanamuVoidAlert", "Plugins\AmanamuVoidAlert\AmanamuVoidAlert.csproj", "{B8C9D0E1-F2A3-4456-B789-012345678901}"
EndProject
Project("{9A19103F-16F7-4668-BE54-9A1E7A4F7556}") = "PlayerBuffBar", "Plugins\PlayerBuffBar\PlayerBuffBar.csproj", "{C9D0E1F2-A3B4-4567-C890-123456789012}"
EndProject
Project("{9A19103F-16F7-4668-BE54-9A1E7A4F7556}") = "SimpleBars", "Plugins\SimpleBars\SimpleBars.csproj", "{D0E1F2A3-B4C5-4678-D901-234567890123}"
EndProject
Project("{9A19103F-16F7-4668-BE54-9A1E7A4F7556}") = "Hiveblood", "Plugins\Hiveblood\Hiveblood.csproj", "{C1D2E3F4-A5B6-4789-C012-3456789ABCDE}"
EndProject
Project("{9A19103F-16F7-4668-BE54-9A1E7A4F7556}") = "LootTracker", "Plugins\LootTracker\LootTracker.csproj", "{E2F3A4B5-C6D7-4890-E123-456789012345}"
EndProject
Project("{9A19103F-16F7-4668-BE54-9A1E7A4F7556}") = "RunecraftHelper", "Plugins\RunecraftHelper\RunecraftHelper.csproj", "{F3A4B5C6-D7E8-4901-F234-567890123456}"
EndProject
Project("{9A19103F-16F7-4668-BE54-9A1E7A4F7556}") = "LootValue", "Plugins\LootValue\LootValue.csproj", "{A4B5C6D7-E8F9-4012-A345-678901234567}"
EndProject
Project("{9A19103F-16F7-4668-BE54-9A1E7A4F7556}") = "StashUtility", "Plugins\StashUtility\StashUtility.csproj", "{7968FB67-0119-4868-A509-0E76C9632097}"
EndProject
Project("{2150E333-8FDC-42A3-9474-1A3956D46DE8}") = "Plugins", "Plugins", "{9FA3D6BD-1EC1-3BA5-80CB-CE02773A58D5}"
EndProject
Project("{2150E333-8FDC-42A3-9474-1A3956D46DE8}") = "Solution Items", "Solution Items", "{9199746C-1A0F-4BB9-8351-405FE910A2A0}"
	ProjectSection(SolutionItems) = preProject
		.editorconfig = .editorconfig
		Directory.Build.props = Directory.Build.props
		NuGet.config = NuGet.config
	EndProjectSection
EndProject
Project("{2150E333-8FDC-42A3-9474-1A3956D46DE8}") = "StashValueByZx0", "StashValueByZx0", "{C709298F-0C96-8952-8CEA-EFF3FF72D83E}"
EndProject
Project("{FAE04EC0-301F-11D3-BF4B-00C04F79EFBC}") = "StashValueByZx0", "Plugins\StashValueByZx0\StashValueByZx0.csproj", "{3F8AD9F2-147B-410E-B93E-236A9E58346D}"
EndProject
Project("{9A19103F-16F7-4668-BE54-9A1E7A4F7556}") = "UniqueLoot", "Plugins\UniqueLoot\UniqueLoot.csproj", "{1A2C5703-B125-4457-92F4-E157C419AFC0}"
EndProject
Global
	GlobalSection(SolutionConfigurationPlatforms) = preSolution
		Debug|Any CPU = Debug|Any CPU
		Debug|x64 = Debug|x64
		Debug|x86 = Debug|x86
		Release|Any CPU = Release|Any CPU
		Release|x64 = Release|x64
		Release|x86 = Release|x86
	EndGlobalSection
	GlobalSection(ProjectConfigurationPlatforms) = postSolution
		{1A2C5703-B125-4457-92F4-E157C419AFC0}.Debug|Any CPU.ActiveCfg = Debug|Any CPU
		{1A2C5703-B125-4457-92F4-E157C419AFC0}.Debug|Any CPU.Build.0 = Debug|Any CPU
		{1A2C5703-B125-4457-92F4-E157C419AFC0}.Debug|x64.ActiveCfg = Debug|Any CPU
		{1A2C5703-B125-4457-92F4-E157C419AFC0}.Debug|x64.Build.0 = Debug|Any CPU
		{1A2C5703-B125-4457-92F4-E157C419AFC0}.Debug|x86.ActiveCfg = Debug|Any CPU
		{1A2C5703-B125-4457-92F4-E157C419AFC0}.Debug|x86.Build.0 = Debug|Any CPU
		{1A2C5703-B125-4457-92F4-E157C419AFC0}.Release|Any CPU.ActiveCfg = Release|Any CPU
		{1A2C5703-B125-4457-92F4-E157C419AFC0}.Release|Any CPU.Build.0 = Release|Any CPU
		{1A2C5703-B125-4457-92F4-E157C419AFC0}.Release|x64.ActiveCfg = Release|Any CPU
		{1A2C5703-B125-4457-92F4-E157C419AFC0}.Release|x64.Build.0 = Release|Any CPU
		{1A2C5703-B125-4457-92F4-E157C419AFC0}.Release|x86.ActiveCfg = Release|Any CPU
		{1A2C5703-B125-4457-92F4-E157C419AFC0}.Release|x86.Build.0 = Release|Any CPU
		{B9571263-4C8A-4CB3-9689-39490CBF72EB}.Debug|Any CPU.ActiveCfg = Debug|Any CPU
		{B9571263-4C8A-4CB3-9689-39490CBF72EB}.Debug|Any CPU.Build.0 = Debug|Any CPU
		{B9571263-4C8A-4CB3-9689-39490CBF72EB}.Debug|x64.ActiveCfg = Debug|Any CPU
		{B9571263-4C8A-4CB3-9689-39490CBF72EB}.Debug|x64.Build.0 = Debug|Any CPU
		{B9571263-4C8A-4CB3-9689-39490CBF72EB}.Debug|x86.ActiveCfg = Debug|Any CPU
		{B9571263-4C8A-4CB3-9689-39490CBF72EB}.Debug|x86.Build.0 = Debug|Any CPU
		{B9571263-4C8A-4CB3-9689-39490CBF72EB}.Release|Any CPU.ActiveCfg = Release|Any CPU
		{B9571263-4C8A-4CB3-9689-39490CBF72EB}.Release|Any CPU.Build.0 = Release|Any CPU
		{B9571263-4C8A-4CB3-9689-39490CBF72EB}.Release|x64.ActiveCfg = Release|Any CPU
		{B9571263-4C8A-4CB3-9689-39490CBF72EB}.Release|x64.Build.0 = Release|Any CPU
		{B9571263-4C8A-4CB3-9689-39490CBF72EB}.Release|x86.ActiveCfg = Release|Any CPU
		{B9571263-4C8A-4CB3-9689-39490CBF72EB}.Release|x86.Build.0 = Release|Any CPU
		{D3AAC005-A2A9-4003-97C6-5563BB873600}.Debug|Any CPU.ActiveCfg = Debug|Any CPU
		{D3AAC005-A2A9-4003-97C6-5563BB873600}.Debug|Any CPU.Build.0 = Debug|Any CPU
		{D3AAC005-A2A9-4003-97C6-5563BB873600}.Release|Any CPU.ActiveCfg = Release|Any CPU
		{D3AAC005-A2A9-4003-97C6-5563BB873600}.Release|Any CPU.Build.0 = Release|Any CPU
		{8F1B187C-3855-4D14-ACD0-1CA40DD7F212}.Debug|Any CPU.ActiveCfg = Debug|Any CPU
		{8F1B187C-3855-4D14-ACD0-1CA40DD7F212}.Debug|Any CPU.Build.0 = Debug|Any CPU
		{8F1B187C-3855-4D14-ACD0-1CA40DD7F212}.Release|Any CPU.ActiveCfg = Release|Any CPU
		{8F1B187C-3855-4D14-ACD0-1CA40DD7F212}.Release|Any CPU.Build.0 = Release|Any CPU
		{32A239DC-1613-40A1-9F83-6B679D2BC146}.Debug|Any CPU.ActiveCfg = Debug|Any CPU
		{32A239DC-1613-40A1-9F83-6B679D2BC146}.Debug|Any CPU.Build.0 = Debug|Any CPU
		{32A239DC-1613-40A1-9F83-6B679D2BC146}.Release|Any CPU.ActiveCfg = Release|Any CPU
		{32A239DC-1613-40A1-9F83-6B679D2BC146}.Release|Any CPU.Build.0 = Release|Any CPU
		{CA68F82C-9BA3-419C-9F99-A4CBAC224060}.Debug|Any CPU.ActiveCfg = Debug|Any CPU
		{CA68F82C-9BA3-419C-9F99-A4CBAC224060}.Debug|Any CPU.Build.0 = Debug|Any CPU
		{CA68F82C-9BA3-419C-9F99-A4CBAC224060}.Release|Any CPU.ActiveCfg = Release|Any CPU
		{CA68F82C-9BA3-419C-9F99-A4CBAC224060}.Release|Any CPU.Build.0 = Release|Any CPU
		{CA68F82C-9BA3-419C-9F99-A4CBAC224060}.Debug|Any CPU.ActiveCfg = Debug|Any CPU
		{CA68F82C-9BA3-419C-9F99-A4CBAC224060}.Debug|Any CPU.Build.0 = Debug|Any CPU
		{CA68F82C-9BA3-419C-9F99-A4CBAC224060}.Release|Any CPU.ActiveCfg = Release|Any CPU
		{CA68F82C-9BA3-419C-9F99-A4CBAC224060}.Release|Any CPU.Build.0 = Release|Any CPU
		{F91E45A5-0DEE-4D4C-A89C-69B18F38134E}.Debug|Any CPU.ActiveCfg = Debug|Any CPU
		{F91E45A5-0DEE-4D4C-A89C-69B18F38134E}.Debug|Any CPU.Build.0 = Debug|Any CPU
		{F91E45A5-0DEE-4D4C-A89C-69B18F38134E}.Debug|x64.ActiveCfg = Debug|Any CPU
		{F91E45A5-0DEE-4D4C-A89C-69B18F38134E}.Debug|x64.Build.0 = Debug|Any CPU
		{F91E45A5-0DEE-4D4C-A89C-69B18F38134E}.Debug|x86.ActiveCfg = Debug|Any CPU
		{F91E45A5-0DEE-4D4C-A89C-69B18F38134E}.Debug|x86.Build.0 = Debug|Any CPU
		{F91E45A5-0DEE-4D4C-A89C-69B18F38134E}.Release|Any CPU.ActiveCfg = Release|Any CPU
		{F91E45A5-0DEE-4D4C-A89C-69B18F38134E}.Release|Any CPU.Build.0 = Release|Any CPU
		{F91E45A5-0DEE-4D4C-A89C-69B18F38134E}.Release|x64.ActiveCfg = Release|Any CPU
		{F91E45A5-0DEE-4D4C-A89C-69B18F38134E}.Release|x64.Build.0 = Release|Any CPU
		{F91E45A5-0DEE-4D4C-A89C-69B18F38134E}.Release|x86.ActiveCfg = Release|Any CPU
		{F91E45A5-0DEE-4D4C-A89C-69B18F38134E}.Release|x86.Build.0 = Release|Any CPU
		{95B261DD-906E-4634-81D4-0A5A8C1D9398}.Debug|Any CPU.ActiveCfg = Debug|Any CPU
		{95B261DD-906E-4634-81D4-0A5A8C1D9398}.Debug|Any CPU.Build.0 = Debug|Any CPU
		{95B261DD-906E-4634-81D4-0A5A8C1D9398}.Debug|x64.ActiveCfg = Debug|Any CPU
		{95B261DD-906E-4634-81D4-0A5A8C1D9398}.Debug|x64.Build.0 = Debug|Any CPU
		{95B261DD-906E-4634-81D4-0A5A8C1D9398}.Debug|x86.ActiveCfg = Debug|Any CPU
		{95B261DD-906E-4634-81D4-0A5A8C1D9398}.Debug|x86.Build.0 = Debug|Any CPU
		{95B261DD-906E-4634-81D4-0A5A8C1D9398}.Release|Any CPU.ActiveCfg = Release|Any CPU
		{95B261DD-906E-4634-81D4-0A5A8C1D9398}.Release|Any CPU.Build.0 = Release|Any CPU
		{95B261DD-906E-4634-81D4-0A5A8C1D9398}.Release|x64.ActiveCfg = Release|Any CPU
		{95B261DD-906E-4634-81D4-0A5A8C1D9398}.Release|x64.Build.0 = Release|Any CPU
		{95B261DD-906E-4634-81D4-0A5A8C1D9398}.Release|x86.ActiveCfg = Release|Any CPU
		{95B261DD-906E-4634-81D4-0A5A8C1D9398}.Release|x86.Build.0 = Release|Any CPU
		{112D3DA8-8800-4DAF-9170-B1F0EB8249C7}.Debug|Any CPU.ActiveCfg = Debug|Any CPU
		{112D3DA8-8800-4DAF-9170-B1F0EB8249C7}.Debug|Any CPU.Build.0 = Debug|Any CPU
		{112D3DA8-8800-4DAF-9170-B1F0EB8249C7}.Debug|x64.ActiveCfg = Debug|Any CPU
		{112D3DA8-8800-4DAF-9170-B1F0EB8249C7}.Debug|x64.Build.0 = Debug|Any CPU
		{112D3DA8-8800-4DAF-9170-B1F0EB8249C7}.Debug|x86.ActiveCfg = Debug|Any CPU
		{112D3DA8-8800-4DAF-9170-B1F0EB8249C7}.Debug|x86.Build.0 = Debug|Any CPU
		{112D3DA8-8800-4DAF-9170-B1F0EB8249C7}.Release|Any CPU.ActiveCfg = Release|Any CPU
		{112D3DA8-8800-4DAF-9170-B1F0EB8249C7}.Release|Any CPU.Build.0 = Release|Any CPU
		{112D3DA8-8800-4DAF-9170-B1F0EB8249C7}.Release|x64.ActiveCfg = Release|Any CPU
		{112D3DA8-8800-4DAF-9170-B1F0EB8249C7}.Release|x64.Build.0 = Release|Any CPU
		{112D3DA8-8800-4DAF-9170-B1F0EB8249C7}.Release|x86.ActiveCfg = Release|Any CPU
		{112D3DA8-8800-4DAF-9170-B1F0EB8249C7}.Release|x86.Build.0 = Release|Any CPU
		{8F659334-9906-4693-B1D3-8ABC188E83A5}.Debug|Any CPU.ActiveCfg = Debug|Any CPU
		{8F659334-9906-4693-B1D3-8ABC188E83A5}.Debug|Any CPU.Build.0 = Debug|Any CPU
		{8F659334-9906-4693-B1D3-8ABC188E83A5}.Debug|x64.ActiveCfg = Debug|Any CPU
		{8F659334-9906-4693-B1D3-8ABC188E83A5}.Debug|x64.Build.0 = Debug|Any CPU
		{8F659334-9906-4693-B1D3-8ABC188E83A5}.Debug|x86.ActiveCfg = Debug|Any CPU
		{8F659334-9906-4693-B1D3-8ABC188E83A5}.Debug|x86.Build.0 = Debug|Any CPU
		{8F659334-9906-4693-B1D3-8ABC188E83A5}.Release|Any CPU.ActiveCfg = Release|Any CPU
		{8F659334-9906-4693-B1D3-8ABC188E83A5}.Release|Any CPU.Build.0 = Release|Any CPU
		{8F659334-9906-4693-B1D3-8ABC188E83A5}.Release|x64.ActiveCfg = Release|Any CPU
		{8F659334-9906-4693-B1D3-8ABC188E83A5}.Release|x64.Build.0 = Release|Any CPU
		{8F659334-9906-4693-B1D3-8ABC188E83A5}.Release|x86.ActiveCfg = Release|Any CPU
		{8F659334-9906-4693-B1D3-8ABC188E83A5}.Release|x86.Build.0 = Release|Any CPU
		{86A443FF-7326-4B21-BC81-20813A7E307E}.Debug|Any CPU.ActiveCfg = Debug|Any CPU
		{86A443FF-7326-4B21-BC81-20813A7E307E}.Debug|Any CPU.Build.0 = Debug|Any CPU
		{86A443FF-7326-4B21-BC81-20813A7E307E}.Debug|x64.ActiveCfg = Debug|Any CPU
		{86A443FF-7326-4B21-BC81-20813A7E307E}.Debug|x64.Build.0 = Debug|Any CPU
		{86A443FF-7326-4B21-BC81-20813A7E307E}.Debug|x86.ActiveCfg = Debug|Any CPU
		{86A443FF-7326-4B21-BC81-20813A7E307E}.Debug|x86.Build.0 = Debug|Any CPU
		{86A443FF-7326-4B21-BC81-20813A7E307E}.Release|Any CPU.ActiveCfg = Release|Any CPU
		{86A443FF-7326-4B21-BC81-20813A7E307E}.Release|Any CPU.Build.0 = Release|Any CPU
		{86A443FF-7326-4B21-BC81-20813A7E307E}.Release|x64.ActiveCfg = Release|Any CPU
		{86A443FF-7326-4B21-BC81-20813A7E307E}.Release|x64.Build.0 = Release|Any CPU
		{86A443FF-7326-4B21-BC81-20813A7E307E}.Release|x86.ActiveCfg = Release|Any CPU
		{86A443FF-7326-4B21-BC81-20813A7E307E}.Release|x86.Build.0 = Release|Any CPU
		{113DA4E9-73EB-411C-B328-6440DBB5AB1C}.Debug|Any CPU.ActiveCfg = Debug|Any CPU
		{113DA4E9-73EB-411C-B328-6440DBB5AB1C}.Debug|Any CPU.Build.0 = Debug|Any CPU
		{113DA4E9-73EB-411C-B328-6440DBB5AB1C}.Debug|x64.ActiveCfg = Debug|Any CPU
		{113DA4E9-73EB-411C-B328-6440DBB5AB1C}.Debug|x64.Build.0 = Debug|Any CPU
		{113DA4E9-73EB-411C-B328-6440DBB5AB1C}.Debug|x86.ActiveCfg = Debug|Any CPU
		{113DA4E9-73EB-411C-B328-6440DBB5AB1C}.Debug|x86.Build.0 = Debug|Any CPU
		{113DA4E9-73EB-411C-B328-6440DBB5AB1C}.Release|Any CPU.ActiveCfg = Release|Any CPU
		{113DA4E9-73EB-411C-B328-6440DBB5AB1C}.Release|Any CPU.Build.0 = Release|Any CPU
		{113DA4E9-73EB-411C-B328-6440DBB5AB1C}.Release|x64.ActiveCfg = Release|Any CPU
		{113DA4E9-73EB-411C-B328-6440DBB5AB1C}.Release|x64.Build.0 = Release|Any CPU
		{113DA4E9-73EB-411C-B328-6440DBB5AB1C}.Release|x86.ActiveCfg = Release|Any CPU
		{113DA4E9-73EB-411C-B328-6440DBB5AB1C}.Release|x86.Build.0 = Release|Any CPU
		{E7010E4F-030C-44B5-8327-7595448258F6}.Debug|Any CPU.ActiveCfg = Debug|Any CPU
		{E7010E4F-030C-44B5-8327-7595448258F6}.Debug|Any CPU.Build.0 = Debug|Any CPU
		{E7010E4F-030C-44B5-8327-7595448258F6}.Debug|x64.ActiveCfg = Debug|Any CPU
		{E7010E4F-030C-44B5-8327-7595448258F6}.Debug|x64.Build.0 = Debug|Any CPU
		{E7010E4F-030C-44B5-8327-7595448258F6}.Debug|x86.ActiveCfg = Debug|Any CPU
		{E7010E4F-030C-44B5-8327-7595448258F6}.Debug|x86.Build.0 = Debug|Any CPU
		{E7010E4F-030C-44B5-8327-7595448258F6}.Release|Any CPU.ActiveCfg = Release|Any CPU
		{E7010E4F-030C-44B5-8327-7595448258F6}.Release|Any CPU.Build.0 = Release|Any CPU
		{E7010E4F-030C-44B5-8327-7595448258F6}.Release|x64.ActiveCfg = Release|Any CPU
		{E7010E4F-030C-44B5-8327-7595448258F6}.Release|x64.Build.0 = Release|Any CPU
		{E7010E4F-030C-44B5-8327-7595448258F6}.Release|x86.ActiveCfg = Release|Any CPU
		{E7010E4F-030C-44B5-8327-7595448258F6}.Release|x86.Build.0 = Release|Any CPU
		{D4E5F6A7-B8C9-4012-DEF0-123456789ABC}.Debug|Any CPU.ActiveCfg = Debug|Any CPU
		{D4E5F6A7-B8C9-4012-DEF0-123456789ABC}.Debug|Any CPU.Build.0 = Debug|Any CPU
		{D4E5F6A7-B8C9-4012-DEF0-123456789ABC}.Debug|x64.ActiveCfg = Debug|Any CPU
		{D4E5F6A7-B8C9-4012-DEF0-123456789ABC}.Debug|x64.Build.0 = Debug|Any CPU
		{D4E5F6A7-B8C9-4012-DEF0-123456789ABC}.Debug|x86.ActiveCfg = Debug|Any CPU
		{D4E5F6A7-B8C9-4012-DEF0-123456789ABC}.Debug|x86.Build.0 = Debug|Any CPU
		{D4E5F6A7-B8C9-4012-DEF0-123456789ABC}.Release|Any CPU.ActiveCfg = Release|Any CPU
		{D4E5F6A7-B8C9-4012-DEF0-123456789ABC}.Release|Any CPU.Build.0 = Release|Any CPU
		{D4E5F6A7-B8C9-4012-DEF0-123456789ABC}.Release|x64.ActiveCfg = Release|Any CPU
		{D4E5F6A7-B8C9-4012-DEF0-123456789ABC}.Release|x64.Build.0 = Release|Any CPU
		{D4E5F6A7-B8C9-4012-DEF0-123456789ABC}.Release|x86.ActiveCfg = Release|Any CPU
		{D4E5F6A7-B8C9-4012-DEF0-123456789ABC}.Release|x86.Build.0 = Release|Any CPU
		{A1B2C3D4-E5F6-7890-ABCD-EF1234567890}.Debug|Any CPU.ActiveCfg = Debug|Any CPU
		{A1B2C3D4-E5F6-7890-ABCD-EF1234567890}.Debug|Any CPU.Build.0 = Debug|Any CPU
		{A1B2C3D4-E5F6-7890-ABCD-EF1234567890}.Debug|x64.ActiveCfg = Debug|Any CPU
		{A1B2C3D4-E5F6-7890-ABCD-EF1234567890}.Debug|x64.Build.0 = Debug|Any CPU
		{A1B2C3D4-E5F6-7890-ABCD-EF1234567890}.Debug|x86.ActiveCfg = Debug|Any CPU
		{A1B2C3D4-E5F6-7890-ABCD-EF1234567890}.Debug|x86.Build.0 = Debug|Any CPU
		{A1B2C3D4-E5F6-7890-ABCD-EF1234567890}.Release|Any CPU.ActiveCfg = Release|Any CPU
		{A1B2C3D4-E5F6-7890-ABCD-EF1234567890}.Release|Any CPU.Build.0 = Release|Any CPU
		{A1B2C3D4-E5F6-7890-ABCD-EF1234567890}.Release|x64.ActiveCfg = Release|Any CPU
		{A1B2C3D4-E5F6-7890-ABCD-EF1234567890}.Release|x64.Build.0 = Release|Any CPU
		{A1B2C3D4-E5F6-7890-ABCD-EF1234567890}.Release|x86.ActiveCfg = Release|Any CPU
		{A1B2C3D4-E5F6-7890-ABCD-EF1234567890}.Release|x86.Build.0 = Release|Any CPU
		{B2C3D4E5-F6A7-8901-BCDE-F12345678901}.Debug|Any CPU.ActiveCfg = Debug|Any CPU
		{B2C3D4E5-F6A7-8901-BCDE-F12345678901}.Debug|Any CPU.Build.0 = Debug|Any CPU
		{B2C3D4E5-F6A7-8901-BCDE-F12345678901}.Debug|x64.ActiveCfg = Debug|Any CPU
		{B2C3D4E5-F6A7-8901-BCDE-F12345678901}.Debug|x64.Build.0 = Debug|Any CPU
		{B2C3D4E5-F6A7-8901-BCDE-F12345678901}.Debug|x86.ActiveCfg = Debug|Any CPU
		{B2C3D4E5-F6A7-8901-BCDE-F12345678901}.Debug|x86.Build.0 = Debug|Any CPU
		{B2C3D4E5-F6A7-8901-BCDE-F12345678901}.Release|Any CPU.ActiveCfg = Release|Any CPU
		{B2C3D4E5-F6A7-8901-BCDE-F12345678901}.Release|Any CPU.Build.0 = Release|Any CPU
		{B2C3D4E5-F6A7-8901-BCDE-F12345678901}.Release|x64.ActiveCfg = Release|Any CPU
		{B2C3D4E5-F6A7-8901-BCDE-F12345678901}.Release|x64.Build.0 = Release|Any CPU
		{B2C3D4E5-F6A7-8901-BCDE-F12345678901}.Release|x86.ActiveCfg = Release|Any CPU
		{B2C3D4E5-F6A7-8901-BCDE-F12345678901}.Release|x86.Build.0 = Release|Any CPU
		{D4E5F6A7-B8C9-4012-DEF1-234567890123}.Debug|Any CPU.ActiveCfg = Debug|Any CPU
		{D4E5F6A7-B8C9-4012-DEF1-234567890123}.Debug|Any CPU.Build.0 = Debug|Any CPU
		{D4E5F6A7-B8C9-4012-DEF1-234567890123}.Debug|x64.ActiveCfg = Debug|Any CPU
		{D4E5F6A7-B8C9-4012-DEF1-234567890123}.Debug|x64.Build.0 = Debug|Any CPU
		{D4E5F6A7-B8C9-4012-DEF1-234567890123}.Debug|x86.ActiveCfg = Debug|Any CPU
		{D4E5F6A7-B8C9-4012-DEF1-234567890123}.Debug|x86.Build.0 = Debug|Any CPU
		{D4E5F6A7-B8C9-4012-DEF1-234567890123}.Release|Any CPU.ActiveCfg = Release|Any CPU
		{D4E5F6A7-B8C9-4012-DEF1-234567890123}.Release|Any CPU.Build.0 = Release|Any CPU
		{D4E5F6A7-B8C9-4012-DEF1-234567890123}.Release|x64.ActiveCfg = Release|Any CPU
		{D4E5F6A7-B8C9-4012-DEF1-234567890123}.Release|x64.Build.0 = Release|Any CPU
		{D4E5F6A7-B8C9-4012-DEF1-234567890123}.Release|x86.ActiveCfg = Release|Any CPU
		{D4E5F6A7-B8C9-4012-DEF1-234567890123}.Release|x86.Build.0 = Release|Any CPU
		{E5F6A7B8-C9D0-4123-EF01-345678901234}.Debug|Any CPU.ActiveCfg = Debug|Any CPU
		{E5F6A7B8-C9D0-4123-EF01-345678901234}.Debug|Any CPU.Build.0 = Debug|Any CPU
		{E5F6A7B8-C9D0-4123-EF01-345678901234}.Debug|x64.ActiveCfg = Debug|Any CPU
		{E5F6A7B8-C9D0-4123-EF01-345678901234}.Debug|x64.Build.0 = Debug|Any CPU
		{E5F6A7B8-C9D0-4123-EF01-345678901234}.Debug|x86.ActiveCfg = Debug|Any CPU
		{E5F6A7B8-C9D0-4123-EF01-345678901234}.Debug|x86.Build.0 = Debug|Any CPU
		{E5F6A7B8-C9D0-4123-EF01-345678901234}.Release|Any CPU.ActiveCfg = Release|Any CPU
		{E5F6A7B8-C9D0-4123-EF01-345678901234}.Release|Any CPU.Build.0 = Release|Any CPU
		{E5F6A7B8-C9D0-4123-EF01-345678901234}.Release|x64.ActiveCfg = Release|Any CPU
		{E5F6A7B8-C9D0-4123-EF01-345678901234}.Release|x64.Build.0 = Release|Any CPU
		{E5F6A7B8-C9D0-4123-EF01-345678901234}.Release|x86.ActiveCfg = Release|Any CPU
		{E5F6A7B8-C9D0-4123-EF01-345678901234}.Release|x86.Build.0 = Release|Any CPU
		{F6A7B8C9-D0E1-4234-F012-345678901235}.Debug|Any CPU.ActiveCfg = Debug|Any CPU
		{F6A7B8C9-D0E1-4234-F012-345678901235}.Debug|Any CPU.Build.0 = Debug|Any CPU
		{F6A7B8C9-D0E1-4234-F012-345678901235}.Debug|x64.ActiveCfg = Debug|Any CPU
		{F6A7B8C9-D0E1-4234-F012-345678901235}.Debug|x64.Build.0 = Debug|Any CPU
		{F6A7B8C9-D0E1-4234-F012-345678901235}.Debug|x86.ActiveCfg = Debug|Any CPU
		{F6A7B8C9-D0E1-4234-F012-345678901235}.Debug|x86.Build.0 = Debug|Any CPU
		{F6A7B8C9-D0E1-4234-F012-345678901235}.Release|Any CPU.ActiveCfg = Release|Any CPU
		{F6A7B8C9-D0E1-4234-F012-345678901235}.Release|Any CPU.Build.0 = Release|Any CPU
		{F6A7B8C9-D0E1-4234-F012-345678901235}.Release|x64.ActiveCfg = Release|Any CPU
		{F6A7B8C9-D0E1-4234-F012-345678901235}.Release|x64.Build.0 = Release|Any CPU
		{F6A7B8C9-D0E1-4234-F012-345678901235}.Release|x86.ActiveCfg = Release|Any CPU
		{F6A7B8C9-D0E1-4234-F012-345678901235}.Release|x86.Build.0 = Release|Any CPU
		{B8C9D0E1-F2A3-4456-B789-012345678901}.Debug|Any CPU.ActiveCfg = Debug|Any CPU
		{B8C9D0E1-F2A3-4456-B789-012345678901}.Debug|Any CPU.Build.0 = Debug|Any CPU
		{B8C9D0E1-F2A3-4456-B789-012345678901}.Debug|x64.ActiveCfg = Debug|Any CPU
		{B8C9D0E1-F2A3-4456-B789-012345678901}.Debug|x64.Build.0 = Debug|Any CPU
		{B8C9D0E1-F2A3-4456-B789-012345678901}.Debug|x86.ActiveCfg = Debug|Any CPU
		{B8C9D0E1-F2A3-4456-B789-012345678901}.Debug|x86.Build.0 = Debug|Any CPU
		{B8C9D0E1-F2A3-4456-B789-012345678901}.Release|Any CPU.ActiveCfg = Release|Any CPU
		{B8C9D0E1-F2A3-4456-B789-012345678901}.Release|Any CPU.Build.0 = Release|Any CPU
		{B8C9D0E1-F2A3-4456-B789-012345678901}.Release|x64.ActiveCfg = Release|Any CPU
		{B8C9D0E1-F2A3-4456-B789-012345678901}.Release|x64.Build.0 = Release|Any CPU
		{B8C9D0E1-F2A3-4456-B789-012345678901}.Release|x86.ActiveCfg = Release|Any CPU
		{B8C9D0E1-F2A3-4456-B789-012345678901}.Release|x86.Build.0 = Release|Any CPU
		{C9D0E1F2-A3B4-4567-C890-123456789012}.Debug|Any CPU.ActiveCfg = Debug|Any CPU
		{C9D0E1F2-A3B4-4567-C890-123456789012}.Debug|Any CPU.Build.0 = Debug|Any CPU
		{C9D0E1F2-A3B4-4567-C890-123456789012}.Debug|x64.ActiveCfg = Debug|Any CPU
		{C9D0E1F2-A3B4-4567-C890-123456789012}.Debug|x64.Build.0 = Debug|Any CPU
		{C9D0E1F2-A3B4-4567-C890-123456789012}.Debug|x86.ActiveCfg = Debug|Any CPU
		{C9D0E1F2-A3B4-4567-C890-123456789012}.Debug|x86.Build.0 = Debug|Any CPU
		{C9D0E1F2-A3B4-4567-C890-123456789012}.Release|Any CPU.ActiveCfg = Release|Any CPU
		{C9D0E1F2-A3B4-4567-C890-123456789012}.Release|Any CPU.Build.0 = Release|Any CPU
		{C9D0E1F2-A3B4-4567-C890-123456789012}.Release|x64.ActiveCfg = Release|Any CPU
		{C9D0E1F2-A3B4-4567-C890-123456789012}.Release|x64.Build.0 = Release|Any CPU
		{C9D0E1F2-A3B4-4567-C890-123456789012}.Release|x86.ActiveCfg = Release|Any CPU
		{C9D0E1F2-A3B4-4567-C890-123456789012}.Release|x86.Build.0 = Release|Any CPU
		{D0E1F2A3-B4C5-4678-D901-234567890123}.Debug|Any CPU.ActiveCfg = Debug|Any CPU
		{D0E1F2A3-B4C5-4678-D901-234567890123}.Debug|Any CPU.Build.0 = Debug|Any CPU
		{D0E1F2A3-B4C5-4678-D901-234567890123}.Debug|x64.ActiveCfg = Debug|Any CPU
		{D0E1F2A3-B4C5-4678-D901-234567890123}.Debug|x64.Build.0 = Debug|Any CPU
		{D0E1F2A3-B4C5-4678-D901-234567890123}.Debug|x86.ActiveCfg = Debug|Any CPU
		{D0E1F2A3-B4C5-4678-D901-234567890123}.Debug|x86.Build.0 = Debug|Any CPU
		{D0E1F2A3-B4C5-4678-D901-234567890123}.Release|Any CPU.ActiveCfg = Release|Any CPU
		{D0E1F2A3-B4C5-4678-D901-234567890123}.Release|Any CPU.Build.0 = Release|Any CPU
		{D0E1F2A3-B4C5-4678-D901-234567890123}.Release|x64.ActiveCfg = Release|Any CPU
		{D0E1F2A3-B4C5-4678-D901-234567890123}.Release|x64.Build.0 = Release|Any CPU
		{D0E1F2A3-B4C5-4678-D901-234567890123}.Release|x86.ActiveCfg = Release|Any CPU
		{D0E1F2A3-B4C5-4678-D901-234567890123}.Release|x86.Build.0 = Release|Any CPU
		{C1D2E3F4-A5B6-4789-C012-3456789ABCDE}.Debug|Any CPU.ActiveCfg = Debug|Any CPU
		{C1D2E3F4-A5B6-4789-C012-3456789ABCDE}.Debug|Any CPU.Build.0 = Debug|Any CPU
		{C1D2E3F4-A5B6-4789-C012-3456789ABCDE}.Debug|x64.ActiveCfg = Debug|Any CPU
		{C1D2E3F4-A5B6-4789-C012-3456789ABCDE}.Debug|x64.Build.0 = Debug|Any CPU
		{C1D2E3F4-A5B6-4789-C012-3456789ABCDE}.Debug|x86.ActiveCfg = Debug|Any CPU
		{C1D2E3F4-A5B6-4789-C012-3456789ABCDE}.Debug|x86.Build.0 = Debug|Any CPU
		{C1D2E3F4-A5B6-4789-C012-3456789ABCDE}.Release|Any CPU.ActiveCfg = Release|Any CPU
		{C1D2E3F4-A5B6-4789-C012-3456789ABCDE}.Release|Any CPU.Build.0 = Release|Any CPU
		{C1D2E3F4-A5B6-4789-C012-3456789ABCDE}.Release|x64.ActiveCfg = Release|Any CPU
		{C1D2E3F4-A5B6-4789-C012-3456789ABCDE}.Release|x64.Build.0 = Release|Any CPU
		{C1D2E3F4-A5B6-4789-C012-3456789ABCDE}.Release|x86.ActiveCfg = Release|Any CPU
		{C1D2E3F4-A5B6-4789-C012-3456789ABCDE}.Release|x86.Build.0 = Release|Any CPU
		{E2F3A4B5-C6D7-4890-E123-456789012345}.Debug|Any CPU.ActiveCfg = Debug|Any CPU
		{E2F3A4B5-C6D7-4890-E123-456789012345}.Debug|Any CPU.Build.0 = Debug|Any CPU
		{E2F3A4B5-C6D7-4890-E123-456789012345}.Debug|x64.ActiveCfg = Debug|Any CPU
		{E2F3A4B5-C6D7-4890-E123-456789012345}.Debug|x64.Build.0 = Debug|Any CPU
		{E2F3A4B5-C6D7-4890-E123-456789012345}.Debug|x86.ActiveCfg = Debug|Any CPU
		{E2F3A4B5-C6D7-4890-E123-456789012345}.Debug|x86.Build.0 = Debug|Any CPU
		{E2F3A4B5-C6D7-4890-E123-456789012345}.Release|Any CPU.ActiveCfg = Release|Any CPU
		{E2F3A4B5-C6D7-4890-E123-456789012345}.Release|Any CPU.Build.0 = Release|Any CPU
		{E2F3A4B5-C6D7-4890-E123-456789012345}.Release|x64.ActiveCfg = Release|Any CPU
		{E2F3A4B5-C6D7-4890-E123-456789012345}.Release|x64.Build.0 = Release|Any CPU
		{E2F3A4B5-C6D7-4890-E123-456789012345}.Release|x86.ActiveCfg = Release|Any CPU
		{E2F3A4B5-C6D7-4890-E123-456789012345}.Release|x86.Build.0 = Release|Any CPU
		{F3A4B5C6-D7E8-4901-F234-567890123456}.Debug|Any CPU.ActiveCfg = Debug|Any CPU
		{F3A4B5C6-D7E8-4901-F234-567890123456}.Debug|Any CPU.Build.0 = Debug|Any CPU
		{F3A4B5C6-D7E8-4901-F234-567890123456}.Debug|x64.ActiveCfg = Debug|Any CPU
		{F3A4B5C6-D7E8-4901-F234-567890123456}.Debug|x64.Build.0 = Debug|Any CPU
		{F3A4B5C6-D7E8-4901-F234-567890123456}.Debug|x86.ActiveCfg = Debug|Any CPU
		{F3A4B5C6-D7E8-4901-F234-567890123456}.Debug|x86.Build.0 = Debug|Any CPU
		{F3A4B5C6-D7E8-4901-F234-567890123456}.Release|Any CPU.ActiveCfg = Release|Any CPU
		{F3A4B5C6-D7E8-4901-F234-567890123456}.Release|Any CPU.Build.0 = Release|Any CPU
		{F3A4B5C6-D7E8-4901-F234-567890123456}.Release|x64.ActiveCfg = Release|Any CPU
		{F3A4B5C6-D7E8-4901-F234-567890123456}.Release|x64.Build.0 = Release|Any CPU
		{F3A4B5C6-D7E8-4901-F234-567890123456}.Release|x86.ActiveCfg = Release|Any CPU
		{F3A4B5C6-D7E8-4901-F234-567890123456}.Release|x86.Build.0 = Release|Any CPU
		{A4B5C6D7-E8F9-4012-A345-678901234567}.Debug|Any CPU.ActiveCfg = Debug|Any CPU
		{A4B5C6D7-E8F9-4012-A345-678901234567}.Debug|Any CPU.Build.0 = Debug|Any CPU
		{A4B5C6D7-E8F9-4012-A345-678901234567}.Debug|x64.ActiveCfg = Debug|Any CPU
		{A4B5C6D7-E8F9-4012-A345-678901234567}.Debug|x64.Build.0 = Debug|Any CPU
		{A4B5C6D7-E8F9-4012-A345-678901234567}.Debug|x86.ActiveCfg = Debug|Any CPU
		{A4B5C6D7-E8F9-4012-A345-678901234567}.Debug|x86.Build.0 = Debug|Any CPU
		{A4B5C6D7-E8F9-4012-A345-678901234567}.Release|Any CPU.ActiveCfg = Release|Any CPU
		{A4B5C6D7-E8F9-4012-A345-678901234567}.Release|Any CPU.Build.0 = Release|Any CPU
		{A4B5C6D7-E8F9-4012-A345-678901234567}.Release|x64.ActiveCfg = Release|Any CPU
		{A4B5C6D7-E8F9-4012-A345-678901234567}.Release|x64.Build.0 = Release|Any CPU
		{A4B5C6D7-E8F9-4012-A345-678901234567}.Release|x86.ActiveCfg = Release|Any CPU
		{A4B5C6D7-E8F9-4012-A345-678901234567}.Release|x86.Build.0 = Release|Any CPU
		{3F8AD9F2-147B-410E-B93E-236A9E58346D}.Debug|Any CPU.ActiveCfg = Debug|Any CPU
		{3F8AD9F2-147B-410E-B93E-236A9E58346D}.Debug|Any CPU.Build.0 = Debug|Any CPU
		{3F8AD9F2-147B-410E-B93E-236A9E58346D}.Debug|x64.ActiveCfg = Debug|Any CPU
		{3F8AD9F2-147B-410E-B93E-236A9E58346D}.Debug|x64.Build.0 = Debug|Any CPU
		{3F8AD9F2-147B-410E-B93E-236A9E58346D}.Debug|x86.ActiveCfg = Debug|Any CPU
		{3F8AD9F2-147B-410E-B93E-236A9E58346D}.Debug|x86.Build.0 = Debug|Any CPU
		{3F8AD9F2-147B-410E-B93E-236A9E58346D}.Release|Any CPU.ActiveCfg = Release|Any CPU
		{3F8AD9F2-147B-410E-B93E-236A9E58346D}.Release|Any CPU.Build.0 = Release|Any CPU
		{3F8AD9F2-147B-410E-B93E-236A9E58346D}.Release|x64.ActiveCfg = Release|Any CPU
		{3F8AD9F2-147B-410E-B93E-236A9E58346D}.Release|x64.Build.0 = Release|Any CPU
		{3F8AD9F2-147B-410E-B93E-236A9E58346D}.Release|x86.ActiveCfg = Release|Any CPU
		{3F8AD9F2-147B-410E-B93E-236A9E58346D}.Release|x86.Build.0 = Release|Any CPU
		{7968FB67-0119-4868-A509-0E76C9632097}.Debug|Any CPU.ActiveCfg = Debug|Any CPU
		{7968FB67-0119-4868-A509-0E76C9632097}.Debug|Any CPU.Build.0 = Debug|Any CPU
		{7968FB67-0119-4868-A509-0E76C9632097}.Release|Any CPU.ActiveCfg = Release|Any CPU
		{7968FB67-0119-4868-A509-0E76C9632097}.Release|Any CPU.Build.0 = Release|Any CPU
	EndGlobalSection
	GlobalSection(SolutionProperties) = preSolution
		HideSolutionNode = FALSE
	EndGlobalSection
	GlobalSection(NestedProjects) = preSolution
		{1A2C5703-B125-4457-92F4-E157C419AFC0} = {9FA3D6BD-1EC1-3BA5-80CB-CE02773A58D5}
		{B9571263-4C8A-4CB3-9689-39490CBF72EB} = {9FA3D6BD-1EC1-3BA5-80CB-CE02773A58D5}
		{D3AAC005-A2A9-4003-97C6-5563BB873600} = {9FA3D6BD-1EC1-3BA5-80CB-CE02773A58D5}
		{8F1B187C-3855-4D14-ACD0-1CA40DD7F212} = {9FA3D6BD-1EC1-3BA5-80CB-CE02773A58D5}
		{32A239DC-1613-40A1-9F83-6B679D2BC146} = {9FA3D6BD-1EC1-3BA5-80CB-CE02773A58D5}
		{CA68F82C-9BA3-419C-9F99-A4CBAC224060} = {9FA3D6BD-1EC1-3BA5-80CB-CE02773A58D5}
		{CA68F82C-9BA3-419C-9F99-A4CBAC224060} = {9FA3D6BD-1EC1-3BA5-80CB-CE02773A58D5}
		{112D3DA8-8800-4DAF-9170-B1F0EB8249C7} = {9FA3D6BD-1EC1-3BA5-80CB-CE02773A58D5}
		{8F659334-9906-4693-B1D3-8ABC188E83A5} = {9FA3D6BD-1EC1-3BA5-80CB-CE02773A58D5}
		{86A443FF-7326-4B21-BC81-20813A7E307E} = {9FA3D6BD-1EC1-3BA5-80CB-CE02773A58D5}
		{113DA4E9-73EB-411C-B328-6440DBB5AB1C} = {9FA3D6BD-1EC1-3BA5-80CB-CE02773A58D5}
		{A1B2C3D4-E5F6-7890-ABCD-EF1234567890} = {9FA3D6BD-1EC1-3BA5-80CB-CE02773A58D5}
		{B2C3D4E5-F6A7-8901-BCDE-F12345678901} = {9FA3D6BD-1EC1-3BA5-80CB-CE02773A58D5}
		{D4E5F6A7-B8C9-4012-DEF1-234567890123} = {9FA3D6BD-1EC1-3BA5-80CB-CE02773A58D5}
		{E5F6A7B8-C9D0-4123-EF01-345678901234} = {9FA3D6BD-1EC1-3BA5-80CB-CE02773A58D5}
		{F6A7B8C9-D0E1-4234-F012-345678901235} = {9FA3D6BD-1EC1-3BA5-80CB-CE02773A58D5}
		{B8C9D0E1-F2A3-4456-B789-012345678901} = {9FA3D6BD-1EC1-3BA5-80CB-CE02773A58D5}
		{C9D0E1F2-A3B4-4567-C890-123456789012} = {9FA3D6BD-1EC1-3BA5-80CB-CE02773A58D5}
		{D0E1F2A3-B4C5-4678-D901-234567890123} = {9FA3D6BD-1EC1-3BA5-80CB-CE02773A58D5}
		{C1D2E3F4-A5B6-4789-C012-3456789ABCDE} = {9FA3D6BD-1EC1-3BA5-80CB-CE02773A58D5}
		{E2F3A4B5-C6D7-4890-E123-456789012345} = {9FA3D6BD-1EC1-3BA5-80CB-CE02773A58D5}
		{F3A4B5C6-D7E8-4901-F234-567890123456} = {9FA3D6BD-1EC1-3BA5-80CB-CE02773A58D5}
		{A4B5C6D7-E8F9-4012-A345-678901234567} = {9FA3D6BD-1EC1-3BA5-80CB-CE02773A58D5}
		{C709298F-0C96-8952-8CEA-EFF3FF72D83E} = {9FA3D6BD-1EC1-3BA5-80CB-CE02773A58D5}
		{3F8AD9F2-147B-410E-B93E-236A9E58346D} = {C709298F-0C96-8952-8CEA-EFF3FF72D83E}
		{7968FB67-0119-4868-A509-0E76C9632097} = {9FA3D6BD-1EC1-3BA5-80CB-CE02773A58D5}
	EndGlobalSection
	GlobalSection(ExtensibilityGlobals) = postSolution
		SolutionGuid = {6CB26318-014D-4959-8116-07FD055D941A}
	EndGlobalSection
EndGlobal
